PODS:
  - SwiftyBeaver (1.6.1)

DEPENDENCIES:
  - SwiftyBeaver (~> 1.6.1)

SPEC REPOS:
  https://github.com/cocoapods/specs.git:
    - SwiftyBeaver

SPEC CHECKSUMS:
  SwiftyBeaver: ccfcdf85a04d429f1633f668650b0ce8020bda3a

PODFILE CHECKSUM: eaf5b1621fbca8fb021e26e3a578c29e2c825fac

COCOAPODS: 1.5.3
