PODS:
  - Alamofire (4.8.1)
  - AlamofireImage (3.5.0):
    - Alamofire (~> 4.8)
  - Charts (3.2.2):
    - Charts/Core (= 3.2.2)
  - Charts/Core (3.2.2)
  - Eureka (4.3.1)
  - IGListKit (3.4.0):
    - IGListKit/Default (= 3.4.0)
  - IGListKit/Default (3.4.0):
    - IGListKit/Diffing
  - IGListKit/Diffing (3.4.0)
  - KeychainAccess (3.1.2)
  - MessageInputBar/Core (0.4.1)
  - MessageKit (2.0.0):
    - MessageInputBar/Core
  - Realm (3.13.1):
    - Realm/Headers (= 3.13.1)
  - Realm/Headers (3.13.1)
  - RealmSwift (3.13.1):
    - Realm (= 3.13.1)

DEPENDENCIES:
  - Alamofire
  - AlamofireImage
  - Charts
  - Eureka
  - IGListKit
  - KeychainAccess
  - MessageKit
  - RealmSwift

SPEC REPOS:
  https://github.com/cocoapods/specs.git:
    - Alamofire
    - AlamofireImage
    - Charts
    - Eureka
    - IGListKit
    - KeychainAccess
    - MessageInputBar
    - MessageKit
    - Realm
    - RealmSwift

SPEC CHECKSUMS:
  Alamofire: 16ce2c353fb72865124ddae8a57c5942388f4f11
  AlamofireImage: 1aea346f4dda2f6c67622fa5a89fcbb80d79cc16
  Charts: f69cf0518b6d1d62608ca504248f1bbe0b6ae77e
  Eureka: 28ea296f06710f6745266b71f17862048941a32d
  IGListKit: 7a5d788e9fb746bcd402baa8e8b24bc3bd2a5a07
  KeychainAccess: b3816fddcf28aa29d94b10ec305cd52be14c472b
  MessageInputBar: e81c7535347f1f7b923de7080409a535a004b6e4
  MessageKit: 29c1c87e5a396d2ca7a3f712e5171dc9aba42a1e
  Realm: 50071da38fe079e0735e47c9f2eae738c68c5996
  RealmSwift: 8a1e6a02b7a08cd17a31e3115143fb69fe5f3fb9

PODFILE CHECKSUM: 0067784a8d8ca3c74b0fb14c2d2c39161132911e

COCOAPODS: 1.5.3
